// !$*UTF8*$!
{
	archiveVersion = 1;
	classes = {
	};
	objectVersion = 50;
	objects = {

/* Begin PBXBuildFile section */
		AA5CFA072295352500176931 /* UISideNavigationController.swift in Sources */ = {isa = PBXBuildFile; fileRef = AA5CFA062295352500176931 /* UISideNavigationController.swift */; };
		AA5CFA09229536D300176931 /* SideTransition.swift in Sources */ = {isa = PBXBuildFile; fileRef = AA5CFA08229536D300176931 /* SideTransition.swift */; };
		AA5CFA0B2295389800176931 /* SideManager.swift in Sources */ = {isa = PBXBuildFile; fileRef = AA5CFA0A2295389800176931 /* SideManager.swift */; };
		AA5CFA1122958F6600176931 /* MessageInformationViewController.swift in Sources */ = {isa = PBXBuildFile; fileRef = AA5CFA1022958F6600176931 /* MessageInformationViewController.swift */; };
		AA9F35F8228C206E009C6C24 /* AppDelegate.swift in Sources */ = {isa = PBXBuildFile; fileRef = AA9F35F7228C206E009C6C24 /* AppDelegate.swift */; };
		AA9F35FA228C206E009C6C24 /* ViewController.swift in Sources */ = {isa = PBXBuildFile; fileRef = AA9F35F9228C206E009C6C24 /* ViewController.swift */; };
		AA9F35FD228C206E009C6C24 /* Main.storyboard in Resources */ = {isa = PBXBuildFile; fileRef = AA9F35FB228C206E009C6C24 /* Main.storyboard */; };
		AA9F3600228C206E009C6C24 /* RayMessenger.xcdatamodeld in Sources */ = {isa = PBXBuildFile; fileRef = AA9F35FE228C206E009C6C24 /* RayMessenger.xcdatamodeld */; };
		AA9F3602228C206F009C6C24 /* Assets.xcassets in Resources */ = {isa = PBXBuildFile; fileRef = AA9F3601228C206F009C6C24 /* Assets.xcassets */; };
		AA9F3605228C206F009C6C24 /* LaunchScreen.storyboard in Resources */ = {isa = PBXBuildFile; fileRef = AA9F3603228C206F009C6C24 /* LaunchScreen.storyboard */; };
		AA9F360F228C21DE009C6C24 /* Message.swift in Sources */ = {isa = PBXBuildFile; fileRef = AA9F360E228C21DE009C6C24 /* Message.swift */; };
		AA9F3611228C3719009C6C24 /* ChatCell.swift in Sources */ = {isa = PBXBuildFile; fileRef = AA9F3610228C3719009C6C24 /* ChatCell.swift */; };
		AAA87E40228E9C6000785420 /* MessageCell.xib in Resources */ = {isa = PBXBuildFile; fileRef = AAA87E3F228E9C6000785420 /* MessageCell.xib */; };
/* End PBXBuildFile section */

/* Begin PBXFileReference section */
		AA5CFA062295352500176931 /* UISideNavigationController.swift */ = {isa = PBXFileReference; lastKnownFileType = sourcecode.swift; path = UISideNavigationController.swift; sourceTree = "<group>"; };
		AA5CFA08229536D300176931 /* SideTransition.swift */ = {isa = PBXFileReference; lastKnownFileType = sourcecode.swift; path = SideTransition.swift; sourceTree = "<group>"; };
		AA5CFA0A2295389800176931 /* SideManager.swift */ = {isa = PBXFileReference; lastKnownFileType = sourcecode.swift; path = SideManager.swift; sourceTree = "<group>"; };
		AA5CFA1022958F6600176931 /* MessageInformationViewController.swift */ = {isa = PBXFileReference; lastKnownFileType = sourcecode.swift; path = MessageInformationViewController.swift; sourceTree = "<group>"; };
		AA9F35F4228C206E009C6C24 /* RayMessenger.app */ = {isa = PBXFileReference; explicitFileType = wrapper.application; includeInIndex = 0; path = RayMessenger.app; sourceTree = BUILT_PRODUCTS_DIR; };
		AA9F35F7228C206E009C6C24 /* AppDelegate.swift */ = {isa = PBXFileReference; lastKnownFileType = sourcecode.swift; path = AppDelegate.swift; sourceTree = "<group>"; };
		AA9F35F9228C206E009C6C24 /* ViewController.swift */ = {isa = PBXFileReference; lastKnownFileType = sourcecode.swift; path = ViewController.swift; sourceTree = "<group>"; };
		AA9F35FC228C206E009C6C24 /* Base */ = {isa = PBXFileReference; lastKnownFileType = file.storyboard; name = Base; path = Base.lproj/Main.storyboard; sourceTree = "<group>"; };
		AA9F35FF228C206E009C6C24 /* RayMessenger.xcdatamodel */ = {isa = PBXFileReference; lastKnownFileType = wrapper.xcdatamodel; path = RayMessenger.xcdatamodel; sourceTree = "<group>"; };
		AA9F3601228C206F009C6C24 /* Assets.xcassets */ = {isa = PBXFileReference; lastKnownFileType = folder.assetcatalog; path = Assets.xcassets; sourceTree = "<group>"; };
		AA9F3604228C206F009C6C24 /* Base */ = {isa = PBXFileReference; lastKnownFileType = file.storyboard; name = Base; path = Base.lproj/LaunchScreen.storyboard; sourceTree = "<group>"; };
		AA9F3606228C206F009C6C24 /* Info.plist */ = {isa = PBXFileReference; lastKnownFileType = text.plist.xml; path = Info.plist; sourceTree = "<group>"; };
		AA9F360E228C21DE009C6C24 /* Message.swift */ = {isa = PBXFileReference; lastKnownFileType = sourcecode.swift; path = Message.swift; sourceTree = "<group>"; };
		AA9F3610228C3719009C6C24 /* ChatCell.swift */ = {isa = PBXFileReference; lastKnownFileType = sourcecode.swift; path = ChatCell.swift; sourceTree = "<group>"; };
		AAA87E3F228E9C6000785420 /* MessageCell.xib */ = {isa = PBXFileReference; fileEncoding = 4; lastKnownFileType = file.xib; path = MessageCell.xib; sourceTree = "<group>"; };
/* End PBXFileReference section */

/* Begin PBXFrameworksBuildPhase section */
		AA9F35F1228C206E009C6C24 /* Frameworks */ = {
			isa = PBXFrameworksBuildPhase;
			buildActionMask = 2147483647;
			files = (
			);
			runOnlyForDeploymentPostprocessing = 0;
		};
/* End PBXFrameworksBuildPhase section */

/* Begin PBXGroup section */
		AA9F35EB228C206E009C6C24 = {
			isa = PBXGroup;
			children = (
				AA9F35F6228C206E009C6C24 /* RayMessenger */,
				AA9F35F5228C206E009C6C24 /* Products */,
			);
			sourceTree = "<group>";
		};
		AA9F35F5228C206E009C6C24 /* Products */ = {
			isa = PBXGroup;
			children = (
				AA9F35F4228C206E009C6C24 /* RayMessenger.app */,
			);
			name = Products;
			sourceTree = "<group>";
		};
		AA9F35F6228C206E009C6C24 /* RayMessenger */ = {
			isa = PBXGroup;
			children = (
				AA9F35F7228C206E009C6C24 /* AppDelegate.swift */,
				AA9F35F9228C206E009C6C24 /* ViewController.swift */,
				AA9F35FB228C206E009C6C24 /* Main.storyboard */,
				AA9F3601228C206F009C6C24 /* Assets.xcassets */,
				AA9F3603228C206F009C6C24 /* LaunchScreen.storyboard */,
				AA9F3606228C206F009C6C24 /* Info.plist */,
				AA9F35FE228C206E009C6C24 /* RayMessenger.xcdatamodeld */,
				AAA87E3F228E9C6000785420 /* MessageCell.xib */,
				AA9F360E228C21DE009C6C24 /* Message.swift */,
				AA9F3610228C3719009C6C24 /* ChatCell.swift */,
				AA5CFA062295352500176931 /* UISideNavigationController.swift */,
				AA5CFA08229536D300176931 /* SideTransition.swift */,
				AA5CFA0A2295389800176931 /* SideManager.swift */,
				AA5CFA1022958F6600176931 /* MessageInformationViewController.swift */,
			);
			path = RayMessenger;
			sourceTree = "<group>";
		};
/* End PBXGroup section */

/* Begin PBXNativeTarget section */
		AA9F35F3228C206E009C6C24 /* RayMessenger */ = {
			isa = PBXNativeTarget;
			buildConfigurationList = AA9F3609228C206F009C6C24 /* Build configuration list for PBXNativeTarget "RayMessenger" */;
			buildPhases = (
				AA9F35F0228C206E009C6C24 /* Sources */,
				AA9F35F1228C206E009C6C24 /* Frameworks */,
				AA9F35F2228C206E009C6C24 /* Resources */,
			);
			buildRules = (
			);
			dependencies = (
			);
			name = RayMessenger;
			productName = RayMessenger;
			productReference = AA9F35F4228C206E009C6C24 /* RayMessenger.app */;
			productType = "com.apple.product-type.application";
		};
/* End PBXNativeTarget section */

/* Begin PBXProject section */
		AA9F35EC228C206E009C6C24 /* Project object */ = {
			isa = PBXProject;
			attributes = {
				LastSwiftUpdateCheck = 1020;
				LastUpgradeCheck = 1020;
				ORGANIZATIONNAME = "Steve Rustom";
				TargetAttributes = {
					AA9F35F3228C206E009C6C24 = {
						CreatedOnToolsVersion = 10.2.1;
					};
				};
			};
			buildConfigurationList = AA9F35EF228C206E009C6C24 /* Build configuration list for PBXProject "RayMessenger" */;
			compatibilityVersion = "Xcode 9.3";
			developmentRegion = en;
			hasScannedForEncodings = 0;
			knownRegions = (
				en,
				Base,
			);
			mainGroup = AA9F35EB228C206E009C6C24;
			productRefGroup = AA9F35F5228C206E009C6C24 /* Products */;
			projectDirPath = "";
			projectRoot = "";
			targets = (
				AA9F35F3228C206E009C6C24 /* RayMessenger */,
			);
		};
/* End PBXProject section */

/* Begin PBXResourcesBuildPhase section */
		AA9F35F2228C206E009C6C24 /* Resources */ = {
			isa = PBXResourcesBuildPhase;
			buildActionMask = 2147483647;
			files = (
				AA9F3605228C206F009C6C24 /* LaunchScreen.storyboard in Resources */,
				AAA87E40228E9C6000785420 /* MessageCell.xib in Resources */,
				AA9F3602228C206F009C6C24 /* Assets.xcassets in Resources */,
				AA9F35FD228C206E009C6C24 /* Main.storyboard in Resources */,
			);
			runOnlyForDeploymentPostprocessing = 0;
		};
/* End PBXResourcesBuildPhase section */

/* Begin PBXSourcesBuildPhase section */
		AA9F35F0228C206E009C6C24 /* Sources */ = {
			isa = PBXSourcesBuildPhase;
			buildActionMask = 2147483647;
			files = (
				AA9F3600228C206E009C6C24 /* RayMessenger.xcdatamodeld in Sources */,
				AA5CFA072295352500176931 /* UISideNavigationController.swift in Sources */,
				AA9F360F228C21DE009C6C24 /* Message.swift in Sources */,
				AA9F35FA228C206E009C6C24 /* ViewController.swift in Sources */,
				AA9F35F8228C206E009C6C24 /* AppDelegate.swift in Sources */,
				AA9F3611228C3719009C6C24 /* ChatCell.swift in Sources */,
				AA5CFA0B2295389800176931 /* SideManager.swift in Sources */,
				AA5CFA09229536D300176931 /* SideTransition.swift in Sources */,
				AA5CFA1122958F6600176931 /* MessageInformationViewController.swift in Sources */,
			);
			runOnlyForDeploymentPostprocessing = 0;
		};
/* End PBXSourcesBuildPhase section */

/* Begin PBXVariantGroup section */
		AA9F35FB228C206E009C6C24 /* Main.storyboard */ = {
			isa = PBXVariantGroup;
			children = (
				AA9F35FC228C206E009C6C24 /* Base */,
			);
			name = Main.storyboard;
			sourceTree = "<group>";
		};
		AA9F3603228C206F009C6C24 /* LaunchScreen.storyboard */ = {
			isa = PBXVariantGroup;
			children = (
				AA9F3604228C206F009C6C24 /* Base */,
			);
			name = LaunchScreen.storyboard;
			sourceTree = "<group>";
		};
/* End PBXVariantGroup section */

/* Begin XCBuildConfiguration section */
		AA9F3607228C206F009C6C24 /* Debug */ = {
			isa = XCBuildConfiguration;
			buildSettings = {
				ALWAYS_SEARCH_USER_PATHS = NO;
				CLANG_ANALYZER_NONNULL = YES;
				CLANG_ANALYZER_NUMBER_OBJECT_CONVERSION = YES_AGGRESSIVE;
				CLANG_CXX_LANGUAGE_STANDARD = "gnu++14";
				CLANG_CXX_LIBRARY = "libc++";
				CLANG_ENABLE_MODULES = YES;
				CLANG_ENABLE_OBJC_ARC = YES;
				CLANG_ENABLE_OBJC_WEAK = YES;
				CLANG_WARN_BLOCK_CAPTURE_AUTORELEASING = YES;
				CLANG_WARN_BOOL_CONVERSION = YES;
				CLANG_WARN_COMMA = YES;
				CLANG_WARN_CONSTANT_CONVERSION = YES;
				CLANG_WARN_DEPRECATED_OBJC_IMPLEMENTATIONS = YES;
				CLANG_WARN_DIRECT_OBJC_ISA_USAGE = YES_ERROR;
				CLANG_WARN_DOCUMENTATION_COMMENTS = YES;
				CLANG_WARN_EMPTY_BODY = YES;
				CLANG_WARN_ENUM_CONVERSION = YES;
				CLANG_WARN_INFINITE_RECURSION = YES;
				CLANG_WARN_INT_CONVERSION = YES;
				CLANG_WARN_NON_LITERAL_NULL_CONVERSION = YES;
				CLANG_WARN_OBJC_IMPLICIT_RETAIN_SELF = YES;
				CLANG_WARN_OBJC_LITERAL_CONVERSION = YES;
				CLANG_WARN_OBJC_ROOT_CLASS = YES_ERROR;
				CLANG_WARN_RANGE_LOOP_ANALYSIS = YES;
				CLANG_WARN_STRICT_PROTOTYPES = YES;
				CLANG_WARN_SUSPICIOUS_MOVE = YES;
				CLANG_WARN_UNGUARDED_AVAILABILITY = YES_AGGRESSIVE;
				CLANG_WARN_UNREACHABLE_CODE = YES;
				CLANG_WARN__DUPLICATE_METHOD_MATCH = YES;
				CODE_SIGN_IDENTITY = "iPhone Developer";
				COPY_PHASE_STRIP = NO;
				DEBUG_INFORMATION_FORMAT = dwarf;
				ENABLE_STRICT_OBJC_MSGSEND = YES;
				ENABLE_TESTABILITY = YES;
				GCC_C_LANGUAGE_STANDARD = gnu11;
				GCC_DYNAMIC_NO_PIC = NO;
				GCC_NO_COMMON_BLOCKS = YES;
				GCC_OPTIMIZATION_LEVEL = 0;
				GCC_PREPROCESSOR_DEFINITIONS = (
					"DEBUG=1",
					"$(inherited)",
				);
				GCC_WARN_64_TO_32_BIT_CONVERSION = YES;
				GCC_WARN_ABOUT_RETURN_TYPE = YES_ERROR;
				GCC_WARN_UNDECLARED_SELECTOR = YES;
				GCC_WARN_UNINITIALIZED_AUTOS = YES_AGGRESSIVE;
				GCC_WARN_UNUSED_FUNCTION = YES;
				GCC_WARN_UNUSED_VARIABLE = YES;
				IPHONEOS_DEPLOYMENT_TARGET = 12.2;
				MTL_ENABLE_DEBUG_INFO = INCLUDE_SOURCE;
				MTL_FAST_MATH = YES;
				ONLY_ACTIVE_ARCH = YES;
				SDKROOT = iphoneos;
				SWIFT_ACTIVE_COMPILATION_CONDITIONS = DEBUG;
				SWIFT_OPTIMIZATION_LEVEL = "-Onone";
			};
			name = Debug;
		};
		AA9F3608228C206F009C6C24 /* Release */ = {
			isa = XCBuildConfiguration;
			buildSettings = {
				ALWAYS_SEARCH_USER_PATHS = NO;
				CLANG_ANALYZER_NONNULL = YES;
				CLANG_ANALYZER_NUMBER_OBJECT_CONVERSION = YES_AGGRESSIVE;
				CLANG_CXX_LANGUAGE_STANDARD = "gnu++14";
				CLANG_CXX_LIBRARY = "libc++";
				CLANG_ENABLE_MODULES = YES;
				CLANG_ENABLE_OBJC_ARC = YES;
				CLANG_ENABLE_OBJC_WEAK = YES;
				CLANG_WARN_BLOCK_CAPTURE_AUTORELEASING = YES;
				CLANG_WARN_BOOL_CONVERSION = YES;
				CLANG_WARN_COMMA = YES;
				CLANG_WARN_CONSTANT_CONVERSION = YES;
				CLANG_WARN_DEPRECATED_OBJC_IMPLEMENTATIONS = YES;
				CLANG_WARN_DIRECT_OBJC_ISA_USAGE = YES_ERROR;
				CLANG_WARN_DOCUMENTATION_COMMENTS = YES;
				CLANG_WARN_EMPTY_BODY = YES;
				CLANG_WARN_ENUM_CONVERSION = YES;
				CLANG_WARN_INFINITE_RECURSION = YES;
				CLANG_WARN_INT_CONVERSION = YES;
				CLANG_WARN_NON_LITERAL_NULL_CONVERSION = YES;
				CLANG_WARN_OBJC_IMPLICIT_RETAIN_SELF = YES;
				CLANG_WARN_OBJC_LITERAL_CONVERSION = YES;
				CLANG_WARN_OBJC_ROOT_CLASS = YES_ERROR;
				CLANG_WARN_RANGE_LOOP_ANALYSIS = YES;
				CLANG_WARN_STRICT_PROTOTYPES = YES;
				CLANG_WARN_SUSPICIOUS_MOVE = YES;
				CLANG_WARN_UNGUARDED_AVAILABILITY = YES_AGGRESSIVE;
				CLANG_WARN_UNREACHABLE_CODE = YES;
				CLANG_WARN__DUPLICATE_METHOD_MATCH = YES;
				CODE_SIGN_IDENTITY = "iPhone Developer";
				COPY_PHASE_STRIP = NO;
				DEBUG_INFORMATION_FORMAT = "dwarf-with-dsym";
				ENABLE_NS_ASSERTIONS = NO;
				ENABLE_STRICT_OBJC_MSGSEND = YES;
				GCC_C_LANGUAGE_STANDARD = gnu11;
				GCC_NO_COMMON_BLOCKS = YES;
				GCC_WARN_64_TO_32_BIT_CONVERSION = YES;
				GCC_WARN_ABOUT_RETURN_TYPE = YES_ERROR;
				GCC_WARN_UNDECLARED_SELECTOR = YES;
				GCC_WARN_UNINITIALIZED_AUTOS = YES_AGGRESSIVE;
				GCC_WARN_UNUSED_FUNCTION = YES;
				GCC_WARN_UNUSED_VARIABLE = YES;
				IPHONEOS_DEPLOYMENT_TARGET = 12.2;
				MTL_ENABLE_DEBUG_INFO = NO;
				MTL_FAST_MATH = YES;
				SDKROOT = iphoneos;
				SWIFT_COMPILATION_MODE = wholemodule;
				SWIFT_OPTIMIZATION_LEVEL = "-O";
				VALIDATE_PRODUCT = YES;
			};
			name = Release;
		};
		AA9F360A228C206F009C6C24 /* Debug */ = {
			isa = XCBuildConfiguration;
			buildSettings = {
				ASSETCATALOG_COMPILER_APPICON_NAME = AppIcon;
				CODE_SIGN_STYLE = Automatic;
				DEVELOPMENT_TEAM = VB7392NN4K;
				INFOPLIST_FILE = RayMessenger/Info.plist;
				LD_RUNPATH_SEARCH_PATHS = (
					"$(inherited)",
					"@executable_path/Frameworks",
				);
				PRODUCT_BUNDLE_IDENTIFIER = com.steverustom.RayMessenger;
				PRODUCT_NAME = "$(TARGET_NAME)";
				SWIFT_VERSION = 5.0;
				TARGETED_DEVICE_FAMILY = "1,2";
			};
			name = Debug;
		};
		AA9F360B228C206F009C6C24 /* Release */ = {
			isa = XCBuildConfiguration;
			buildSettings = {
				ASSETCATALOG_COMPILER_APPICON_NAME = AppIcon;
				CODE_SIGN_STYLE = Automatic;
				DEVELOPMENT_TEAM = VB7392NN4K;
				INFOPLIST_FILE = RayMessenger/Info.plist;
				LD_RUNPATH_SEARCH_PATHS = (
					"$(inherited)",
					"@executable_path/Frameworks",
				);
				PRODUCT_BUNDLE_IDENTIFIER = com.steverustom.RayMessenger;
				PRODUCT_NAME = "$(TARGET_NAME)";
				SWIFT_VERSION = 5.0;
				TARGETED_DEVICE_FAMILY = "1,2";
			};
			name = Release;
		};
/* End XCBuildConfiguration section */

/* Begin XCConfigurationList section */
		AA9F35EF228C206E009C6C24 /* Build configuration list for PBXProject "RayMessenger" */ = {
			isa = XCConfigurationList;
			buildConfigurations = (
				AA9F3607228C206F009C6C24 /* Debug */,
				AA9F3608228C206F009C6C24 /* Release */,
			);
			defaultConfigurationIsVisible = 0;
			defaultConfigurationName = Release;
		};
		AA9F3609228C206F009C6C24 /* Build configuration list for PBXNativeTarget "RayMessenger" */ = {
			isa = XCConfigurationList;
			buildConfigurations = (
				AA9F360A228C206F009C6C24 /* Debug */,
				AA9F360B228C206F009C6C24 /* Release */,
			);
			defaultConfigurationIsVisible = 0;
			defaultConfigurationName = Release;
		};
/* End XCConfigurationList section */

/* Begin XCVersionGroup section */
		AA9F35FE228C206E009C6C24 /* RayMessenger.xcdatamodeld */ = {
			isa = XCVersionGroup;
			children = (
				AA9F35FF228C206E009C6C24 /* RayMessenger.xcdatamodel */,
			);
			currentVersion = AA9F35FF228C206E009C6C24 /* RayMessenger.xcdatamodel */;
			path = RayMessenger.xcdatamodeld;
			sourceTree = "<group>";
			versionGroupType = wrapper.xcdatamodel;
		};
/* End XCVersionGroup section */
	};
	rootObject = AA9F35EC228C206E009C6C24 /* Project object */;
}
